
Microsoft Visual Studio Solution File, Format Version 12.00
# Visual Studio Version 16
VisualStudioVersion = 16.0.30104.148
MinimumVisualStudioVersion = 10.0.40219.1
Project("{FAE04EC0-301F-11D3-BF4B-00C04F79EFBC}") = "LinkedListLibrary", "LinkedList\LinkedListLibrary.csproj", "{C55424CB-1EBA-4B8F-A22D-A09B559B6A99}"
EndProject
Project("{FAE04EC0-301F-11D3-BF4B-00C04F79EFBC}") = "LinkedIntegersTests", "LinkedIntegersTests\LinkedIntegersTests.csproj", "{1DBA0619-B882-4258-97A9-E7A9646E49BB}"
EndProject
Global
	GlobalSection(SolutionConfigurationPlatforms) = preSolution
		Debug|Any CPU = Debug|Any CPU
		Release|Any CPU = Release|Any CPU
	EndGlobalSection
	GlobalSection(ProjectConfigurationPlatforms) = postSolution
		{C55424CB-1EBA-4B8F-A22D-A09B559B6A99}.Debug|Any CPU.ActiveCfg = Debug|Any CPU
		{C55424CB-1EBA-4B8F-A22D-A09B559B6A99}.Debug|Any CPU.Build.0 = Debug|Any CPU
		{C55424CB-1EBA-4B8F-A22D-A09B559B6A99}.Release|Any CPU.ActiveCfg = Release|Any CPU
		{C55424CB-1EBA-4B8F-A22D-A09B559B6A99}.Release|Any CPU.Build.0 = Release|Any CPU
		{1DBA0619-B882-4258-97A9-E7A9646E49BB}.Debug|Any CPU.ActiveCfg = Debug|Any CPU
		{1DBA0619-B882-4258-97A9-E7A9646E49BB}.Debug|Any CPU.Build.0 = Debug|Any CPU
		{1DBA0619-B882-4258-97A9-E7A9646E49BB}.Release|Any CPU.ActiveCfg = Release|Any CPU
		{1DBA0619-B882-4258-97A9-E7A9646E49BB}.Release|Any CPU.Build.0 = Release|Any CPU
	EndGlobalSection
	GlobalSection(SolutionProperties) = preSolution
		HideSolutionNode = FALSE
	EndGlobalSection
	GlobalSection(ExtensibilityGlobals) = postSolution
		SolutionGuid = {C067CFC4-519F-4125-B2CC-7CEA5091C47E}
	EndGlobalSection
EndGlobal
